// !$*UTF8*$!
{
	archiveVersion = 1;
	classes = {
	};
	objectVersion = 56;
	objects = {

/* Begin PBXBuildFile section */
		55A120BDA6FF40F9A02546F3 /* RoCheapApp.swift in Sources */ = {isa = PBXBuildFile; fileRef = C7B7D7EA73E44F05933DB872 /* RoCheapApp.swift */; };
		64C09C79712A4C4689D7BA24 /* ContentView.swift in Sources */ = {isa = PBXBuildFile; fileRef = BBA551839E7043CB80EC8ABE /* ContentView.swift */; };
		8DBBDDB43A59447D8AD8842B /* Assets.xcassets in Resources */ = {isa = PBXBuildFile; fileRef = DA92AE67964E4A16AB4968F1 /* Assets.xcassets */; };
		D3A3B9DD58574350A3A9AD39 /* SafariWebExtensionHandler.swift in Sources */ = {isa = PBXBuildFile; fileRef = 961E485EDC804CC98BB0E5CC /* SafariWebExtensionHandler.swift */; };
		7EAD35181D834F8893846C8B /* Resources in Resources */ = {isa = PBXBuildFile; fileRef = 5CAB54A9FFB64FE0BF78891D /* Resources */; };
		3FDCC3C274AA4498AF1F35A6 /* RoCheapExtension.appex in Embed Foundation Extensions */ = {isa = PBXBuildFile; fileRef = FF1CB2776DD64C8B944BAA34 /* RoCheapExtension.appex */; settings = {ATTRIBUTES = (RemoveHeadersOnCopy, ); }; };
/* End PBXBuildFile section */

/* Begin PBXContainerItemProxy section */
		7F952081ABEB481CB015864A /* PBXContainerItemProxy */ = {
			isa = PBXContainerItemProxy;
			containerPortal = 9F5C204F45A84365A9EF8F60 /* Project object */;
			proxyType = 1;
			remoteGlobalIDString = B19F8354F07A4D8FA8D0CA3E;
			remoteInfo = "RoCheapExtension";
		};
/* End PBXContainerItemProxy section */

/* Begin PBXCopyFilesBuildPhase section */
		183E4F9B28F0441EA61E04CE /* Embed Foundation Extensions */ = {
			isa = PBXCopyFilesBuildPhase;
			buildActionMask = 2147483647;
			dstPath = "";
			dstSubfolderSpec = 13;
			files = (
				3FDCC3C274AA4498AF1F35A6 /* RoCheapExtension.appex in Embed Foundation Extensions */,
			);
			name = "Embed Foundation Extensions";
			runOnlyForDeploymentPostprocessing = 0;
		};
/* End PBXCopyFilesBuildPhase section */

/* Begin PBXFileReference section */
		C7B7D7EA73E44F05933DB872 /* RoCheapApp.swift */ = {isa = PBXFileReference; lastKnownFileType = sourcecode.swift; path = RoCheapApp.swift; sourceTree = "<group>"; };
		BBA551839E7043CB80EC8ABE /* ContentView.swift */ = {isa = PBXFileReference; lastKnownFileType = sourcecode.swift; path = ContentView.swift; sourceTree = "<group>"; };
		DA92AE67964E4A16AB4968F1 /* Assets.xcassets */ = {isa = PBXFileReference; lastKnownFileType = folder.assetcatalog; path = Assets.xcassets; sourceTree = "<group>"; };
		6E4537671A434ADEA7B04180 /* Info.plist */ = {isa = PBXFileReference; lastKnownFileType = text.plist.xml; path = Info.plist; sourceTree = "<group>"; };
		A8249B9EE44D450D92869D59 /* RoCheap.app */ = {isa = PBXFileReference; explicitFileType = wrapper.application; includeInIndex = 0; path = RoCheap.app; sourceTree = BUILT_PRODUCTS_DIR; };
		961E485EDC804CC98BB0E5CC /* SafariWebExtensionHandler.swift */ = {isa = PBXFileReference; lastKnownFileType = sourcecode.swift; path = SafariWebExtensionHandler.swift; sourceTree = "<group>"; };
		5CAB54A9FFB64FE0BF78891D /* Resources */ = {isa = PBXFileReference; lastKnownFileType = folder; path = Resources; sourceTree = "<group>"; };
		6F9BC5338F9D4B64914A7151 /* Info.plist */ = {isa = PBXFileReference; lastKnownFileType = text.plist.xml; path = Info.plist; sourceTree = "<group>"; };
		FF1CB2776DD64C8B944BAA34 /* RoCheapExtension.appex */ = {isa = PBXFileReference; explicitFileType = "wrapper.app-extension"; includeInIndex = 0; path = "RoCheapExtension.appex"; sourceTree = BUILT_PRODUCTS_DIR; };
/* End PBXFileReference section */

/* Begin PBXFrameworksBuildPhase section */
		40C75371E30B44F0B2CF79A4 /* Frameworks */ = {
			isa = PBXFrameworksBuildPhase;
			buildActionMask = 2147483647;
			files = (
			);
			runOnlyForDeploymentPostprocessing = 0;
		};
		29CF74B64F7F4985A86CB07F /* Frameworks */ = {
			isa = PBXFrameworksBuildPhase;
			buildActionMask = 2147483647;
			files = (
			);
			runOnlyForDeploymentPostprocessing = 0;
		};
/* End PBXFrameworksBuildPhase section */

/* Begin PBXGroup section */
		08BFD3B6F29644ACAA9D4946 = {
			isa = PBXGroup;
			children = (
				F743A4F2E0C04DB0A243F9C2 /* RoCheap */,
				19C111D319394FE18D99F0F1 /* RoCheapExtension */,
				0E123020E7D647BB826878C5 /* Products */,
			);
			sourceTree = "<group>";
		};
		F743A4F2E0C04DB0A243F9C2 /* RoCheap */ = {
			isa = PBXGroup;
			children = (
				C7B7D7EA73E44F05933DB872 /* RoCheapApp.swift */,
				BBA551839E7043CB80EC8ABE /* ContentView.swift */,
				DA92AE67964E4A16AB4968F1 /* Assets.xcassets */,
				6E4537671A434ADEA7B04180 /* Info.plist */,
			);
			path = RoCheap;
			sourceTree = "<group>";
		};
		19C111D319394FE18D99F0F1 /* RoCheapExtension */ = {
			isa = PBXGroup;
			children = (
				961E485EDC804CC98BB0E5CC /* SafariWebExtensionHandler.swift */,
				5CAB54A9FFB64FE0BF78891D /* Resources */,
				6F9BC5338F9D4B64914A7151 /* Info.plist */,
			);
			path = "RoCheapExtension";
			sourceTree = "<group>";
		};
		0E123020E7D647BB826878C5 /* Products */ = {
			isa = PBXGroup;
			children = (
				A8249B9EE44D450D92869D59 /* RoCheap.app */,
				FF1CB2776DD64C8B944BAA34 /* RoCheapExtension.appex */,
			);
			name = Products;
			sourceTree = "<group>";
		};
/* End PBXGroup section */

/* Begin PBXNativeTarget section */
		7C134AF7937F4638B9087AEB /* RoCheap */ = {
			isa = PBXNativeTarget;
			buildConfigurationList = E99E418E2C004B529F8C9E07 /* Build configuration list for PBXNativeTarget "RoCheap" */;
			buildPhases = (
				66F95686F83F49B9BBB05BE5 /* Sources */,
				40C75371E30B44F0B2CF79A4 /* Frameworks */,
				79C41B849A9F4EB49787DA91 /* Resources */,
				183E4F9B28F0441EA61E04CE /* Embed Foundation Extensions */,
			);
			buildRules = (
			);
			dependencies = (
				1103BB41DDD4404D8637F499 /* PBXTargetDependency */,
			);
			name = RoCheap;
			productName = RoCheap;
			productReference = A8249B9EE44D450D92869D59 /* RoCheap.app */;
			productType = "com.apple.product-type.application";
		};
		B19F8354F07A4D8FA8D0CA3E /* RoCheapExtension */ = {
			isa = PBXNativeTarget;
			buildConfigurationList = 1EE4454431324FF8AD8879E6 /* Build configuration list for PBXNativeTarget "RoCheapExtension" */;
			buildPhases = (
				383F9DE975F84728ACC6141F /* Sources */,
				29CF74B64F7F4985A86CB07F /* Frameworks */,
				4ADAC5CB9486489B9C6CA703 /* Resources */,
			);
			buildRules = (
			);
			dependencies = (
			);
			name = "RoCheapExtension";
			productName = "RoCheapExtension";
			productReference = FF1CB2776DD64C8B944BAA34 /* RoCheapExtension.appex */;
			productType = "com.apple.product-type.app-extension";
		};
/* End PBXNativeTarget section */

/* Begin PBXProject section */
		9F5C204F45A84365A9EF8F60 /* Project object */ = {
			isa = PBXProject;
			attributes = {
				BuildIndependentTargetsInParallel = 1;
				LastSwiftUpdateCheck = 1520;
				LastUpgradeCheck = 1520;
				TargetAttributes = {
					7C134AF7937F4638B9087AEB = {
						CreatedOnToolsVersion = 15.2;
					};
					B19F8354F07A4D8FA8D0CA3E = {
						CreatedOnToolsVersion = 15.2;
					};
				};
			};
			buildConfigurationList = 87D62B0138734E4DB9F31426 /* Build configuration list for PBXProject "RoCheap" */;
			compatibilityVersion = "Xcode 14.0";
			developmentRegion = en;
			hasScannedForEncodings = 0;
			knownRegions = (
				en,
				Base,
			);
			mainGroup = 08BFD3B6F29644ACAA9D4946;
			productRefGroup = 0E123020E7D647BB826878C5 /* Products */;
			projectDirPath = "";
			projectRoot = "";
			targets = (
				7C134AF7937F4638B9087AEB /* RoCheap */,
				B19F8354F07A4D8FA8D0CA3E /* RoCheapExtension */,
			);
		};
/* End PBXProject section */

/* Begin PBXResourcesBuildPhase section */
		79C41B849A9F4EB49787DA91 /* Resources */ = {
			isa = PBXResourcesBuildPhase;
			buildActionMask = 2147483647;
			files = (
				8DBBDDB43A59447D8AD8842B /* Assets.xcassets in Resources */,
			);
			runOnlyForDeploymentPostprocessing = 0;
		};
		4ADAC5CB9486489B9C6CA703 /* Resources */ = {
			isa = PBXResourcesBuildPhase;
			buildActionMask = 2147483647;
			files = (
				7EAD35181D834F8893846C8B /* Resources in Resources */,
			);
			runOnlyForDeploymentPostprocessing = 0;
		};
/* End PBXResourcesBuildPhase section */

/* Begin PBXSourcesBuildPhase section */
		66F95686F83F49B9BBB05BE5 /* Sources */ = {
			isa = PBXSourcesBuildPhase;
			buildActionMask = 2147483647;
			files = (
				55A120BDA6FF40F9A02546F3 /* RoCheapApp.swift in Sources */,
				64C09C79712A4C4689D7BA24 /* ContentView.swift in Sources */,
			);
			runOnlyForDeploymentPostprocessing = 0;
		};
		383F9DE975F84728ACC6141F /* Sources */ = {
			isa = PBXSourcesBuildPhase;
			buildActionMask = 2147483647;
			files = (
				D3A3B9DD58574350A3A9AD39 /* SafariWebExtensionHandler.swift in Sources */,
			);
			runOnlyForDeploymentPostprocessing = 0;
		};
/* End PBXSourcesBuildPhase section */

/* Begin PBXTargetDependency section */
		1103BB41DDD4404D8637F499 /* PBXTargetDependency */ = {
			isa = PBXTargetDependency;
			target = B19F8354F07A4D8FA8D0CA3E /* RoCheapExtension */;
			targetProxy = 7F952081ABEB481CB015864A /* PBXContainerItemProxy */;
		};
/* End PBXTargetDependency section */

/* Begin XCBuildConfiguration section */
		4890061BC04F4C4EAD9DED10 /* Debug */ = {
			isa = XCBuildConfiguration;
			buildSettings = {
				ALWAYS_SEARCH_USER_PATHS = NO;
				CLANG_ANALYZER_NONNULL = YES;
				CLANG_ANALYZER_NUMBER_OBJECT_CONVERSION = YES_AGGRESSIVE;
				CLANG_CXX_LANGUAGE_STANDARD = "gnu++20";
				CLANG_ENABLE_MODULES = YES;
				CLANG_ENABLE_OBJC_ARC = YES;
				CLANG_ENABLE_OBJC_WEAK = YES;
				CLANG_WARN_BLOCK_CAPTURE_AUTORELEASING = YES;
				CLANG_WARN_BOOL_CONVERSION = YES;
				CLANG_WARN_COMMA = YES;
				CLANG_WARN_CONSTANT_CONVERSION = YES;
				CLANG_WARN_DEPRECATED_OBJC_IMPLEMENTATIONS = YES;
				CLANG_WARN_DIRECT_OBJC_ISA_USAGE = YES_ERROR;
				CLANG_WARN_DOCUMENTATION_COMMENTS = YES;
				CLANG_WARN_EMPTY_BODY = YES;
				CLANG_WARN_ENUM_CONVERSION = YES;
				CLANG_WARN_INFINITE_RECURSION = YES;
				CLANG_WARN_INT_CONVERSION = YES;
				CLANG_WARN_NON_LITERAL_NULL_CONVERSION = YES;
				CLANG_WARN_OBJC_IMPLICIT_RETAIN_SELF = YES;
				CLANG_WARN_OBJC_LITERAL_CONVERSION = YES;
				CLANG_WARN_OBJC_ROOT_CLASS = YES_ERROR;
				CLANG_WARN_QUOTED_INCLUDE_IN_FRAMEWORK_HEADER = YES;
				CLANG_WARN_RANGE_LOOP_ANALYSIS = YES;
				CLANG_WARN_STRICT_PROTOTYPES = YES;
				CLANG_WARN_SUSPICIOUS_MOVE = YES;
				CLANG_WARN_UNGUARDED_AVAILABILITY = YES_AGGRESSIVE;
				CLANG_WARN_UNREACHABLE_CODE = YES;
				CLANG_WARN__DUPLICATE_METHOD_MATCH = YES;
				COPY_PHASE_STRIP = NO;
				DEBUG_INFORMATION_FORMAT = dwarf;
				ENABLE_STRICT_OBJC_MSGSEND = YES;
				ENABLE_TESTABILITY = YES;
				GCC_C_LANGUAGE_STANDARD = gnu17;
				GCC_DYNAMIC_NO_PIC = NO;
				GCC_NO_COMMON_BLOCKS = YES;
				GCC_OPTIMIZATION_LEVEL = 0;
				GCC_PREPROCESSOR_DEFINITIONS = (
					"DEBUG=1",
					"$(inherited)",
				);
				GCC_WARN_64_TO_32_BIT_CONVERSION = YES;
				GCC_WARN_ABOUT_RETURN_TYPE = YES_ERROR;
				GCC_WARN_UNDECLARED_SELECTOR = YES;
				GCC_WARN_UNINITIALIZED_AUTOS = YES_AGGRESSIVE;
				GCC_WARN_UNUSED_FUNCTION = YES;
				GCC_WARN_UNUSED_VARIABLE = YES;
				IPHONEOS_DEPLOYMENT_TARGET = 17.0;
				MTL_ENABLE_DEBUG_INFO = INCLUDE_SOURCE;
				MTL_FAST_MATH = YES;
				ONLY_ACTIVE_ARCH = YES;
				SDKROOT = iphoneos;
				SWIFT_ACTIVE_COMPILATION_CONDITIONS = DEBUG;
				SWIFT_OPTIMIZATION_LEVEL = "-Onone";
			};
			name = Debug;
		};
		1D79FDDB1F224FF8AC67527D /* Release */ = {
			isa = XCBuildConfiguration;
			buildSettings = {
				ALWAYS_SEARCH_USER_PATHS = NO;
				CLANG_ANALYZER_NONNULL = YES;
				CLANG_ANALYZER_NUMBER_OBJECT_CONVERSION = YES_AGGRESSIVE;
				CLANG_CXX_LANGUAGE_STANDARD = "gnu++20";
				CLANG_ENABLE_MODULES = YES;
				CLANG_ENABLE_OBJC_ARC = YES;
				CLANG_ENABLE_OBJC_WEAK = YES;
				CLANG_WARN_BLOCK_CAPTURE_AUTORELEASING = YES;
				CLANG_WARN_BOOL_CONVERSION = YES;
				CLANG_WARN_COMMA = YES;
				CLANG_WARN_CONSTANT_CONVERSION = YES;
				CLANG_WARN_DEPRECATED_OBJC_IMPLEMENTATIONS = YES;
				CLANG_WARN_DIRECT_OBJC_ISA_USAGE = YES_ERROR;
				CLANG_WARN_DOCUMENTATION_COMMENTS = YES;
				CLANG_WARN_EMPTY_BODY = YES;
				CLANG_WARN_ENUM_CONVERSION = YES;
				CLANG_WARN_INFINITE_RECURSION = YES;
				CLANG_WARN_INT_CONVERSION = YES;
				CLANG_WARN_NON_LITERAL_NULL_CONVERSION = YES;
				CLANG_WARN_OBJC_IMPLICIT_RETAIN_SELF = YES;
				CLANG_WARN_OBJC_LITERAL_CONVERSION = YES;
				CLANG_WARN_OBJC_ROOT_CLASS = YES_ERROR;
				CLANG_WARN_QUOTED_INCLUDE_IN_FRAMEWORK_HEADER = YES;
				CLANG_WARN_RANGE_LOOP_ANALYSIS = YES;
				CLANG_WARN_STRICT_PROTOTYPES = YES;
				CLANG_WARN_SUSPICIOUS_MOVE = YES;
				CLANG_WARN_UNGUARDED_AVAILABILITY = YES_AGGRESSIVE;
				CLANG_WARN_UNREACHABLE_CODE = YES;
				CLANG_WARN__DUPLICATE_METHOD_MATCH = YES;
				COPY_PHASE_STRIP = NO;
				DEBUG_INFORMATION_FORMAT = "dwarf-with-dsym";
				ENABLE_NS_ASSERTIONS = NO;
				ENABLE_STRICT_OBJC_MSGSEND = YES;
				GCC_C_LANGUAGE_STANDARD = gnu17;
				GCC_NO_COMMON_BLOCKS = YES;
				GCC_WARN_64_TO_32_BIT_CONVERSION = YES;
				GCC_WARN_ABOUT_RETURN_TYPE = YES_ERROR;
				GCC_WARN_UNDECLARED_SELECTOR = YES;
				GCC_WARN_UNINITIALIZED_AUTOS = YES_AGGRESSIVE;
				GCC_WARN_UNUSED_FUNCTION = YES;
				GCC_WARN_UNUSED_VARIABLE = YES;
				IPHONEOS_DEPLOYMENT_TARGET = 17.0;
				MTL_ENABLE_DEBUG_INFO = NO;
				MTL_FAST_MATH = YES;
				SDKROOT = iphoneos;
				SWIFT_COMPILATION_MODE = wholemodule;
				SWIFT_OPTIMIZATION_LEVEL = "-O";
				VALIDATE_PRODUCT = YES;
			};
			name = Release;
		};
		CF77F0DE6B7C4AE1851FDA3A /* Debug */ = {
			isa = XCBuildConfiguration;
			buildSettings = {
				ASSETCATALOG_COMPILER_APPICON_NAME = AppIcon;
				ASSETCATALOG_COMPILER_GLOBAL_ACCENT_COLOR_NAME = AccentColor;
				CODE_SIGN_STYLE = Automatic;
				CURRENT_PROJECT_VERSION = 1;
				GENERATE_INFOPLIST_FILE = NO;
				INFOPLIST_FILE = RoCheap/Info.plist;
				INFOPLIST_KEY_UILaunchScreen_Generation = YES;
				IPHONEOS_DEPLOYMENT_TARGET = 17.0;
				LD_RUNPATH_SEARCH_PATHS = (
					"$(inherited)",
					"@executable_path/Frameworks",
				);
				MARKETING_VERSION = 1.5;
				PRODUCT_BUNDLE_IDENTIFIER = com.imjustivaan.RoCheap;
				PRODUCT_NAME = "$(TARGET_NAME)";
				SUPPORTS_MACCATALYST = NO;
				SWIFT_EMIT_LOC_STRINGS = YES;
				SWIFT_VERSION = 5.0;
				TARGETED_DEVICE_FAMILY = "1,2";
			};
			name = Debug;
		};
		F8514F079C8643D780A885DE /* Release */ = {
			isa = XCBuildConfiguration;
			buildSettings = {
				ASSETCATALOG_COMPILER_APPICON_NAME = AppIcon;
				ASSETCATALOG_COMPILER_GLOBAL_ACCENT_COLOR_NAME = AccentColor;
				CODE_SIGN_STYLE = Automatic;
				CURRENT_PROJECT_VERSION = 1;
				GENERATE_INFOPLIST_FILE = NO;
				INFOPLIST_FILE = RoCheap/Info.plist;
				INFOPLIST_KEY_UILaunchScreen_Generation = YES;
				IPHONEOS_DEPLOYMENT_TARGET = 17.0;
				LD_RUNPATH_SEARCH_PATHS = (
					"$(inherited)",
					"@executable_path/Frameworks",
				);
				MARKETING_VERSION = 1.5;
				PRODUCT_BUNDLE_IDENTIFIER = com.imjustivaan.RoCheap;
				PRODUCT_NAME = "$(TARGET_NAME)";
				SUPPORTS_MACCATALYST = NO;
				SWIFT_EMIT_LOC_STRINGS = YES;
				SWIFT_VERSION = 5.0;
				TARGETED_DEVICE_FAMILY = "1,2";
			};
			name = Release;
		};
		3EB6D1D15B984D5294C21E81 /* Debug */ = {
			isa = XCBuildConfiguration;
			buildSettings = {
				CODE_SIGN_STYLE = Automatic;
				CURRENT_PROJECT_VERSION = 1;
				GENERATE_INFOPLIST_FILE = NO;
				INFOPLIST_FILE = "RoCheapExtension/Info.plist";
				IPHONEOS_DEPLOYMENT_TARGET = 17.0;
				LD_RUNPATH_SEARCH_PATHS = (
					"$(inherited)",
					"@executable_path/Frameworks",
					"@executable_path/../../Frameworks",
				);
				MARKETING_VERSION = 1.5;
				PRODUCT_BUNDLE_IDENTIFIER = "com.imjustivaan.RoCheap.Extension";
				PRODUCT_NAME = "$(TARGET_NAME)";
				SKIP_INSTALL = YES;
				SWIFT_EMIT_LOC_STRINGS = YES;
				SWIFT_VERSION = 5.0;
				TARGETED_DEVICE_FAMILY = "1,2";
			};
			name = Debug;
		};
		0C52C2A1CD13462F8BA7E8CB /* Release */ = {
			isa = XCBuildConfiguration;
			buildSettings = {
				CODE_SIGN_STYLE = Automatic;
				CURRENT_PROJECT_VERSION = 1;
				GENERATE_INFOPLIST_FILE = NO;
				INFOPLIST_FILE = "RoCheapExtension/Info.plist";
				IPHONEOS_DEPLOYMENT_TARGET = 17.0;
				LD_RUNPATH_SEARCH_PATHS = (
					"$(inherited)",
					"@executable_path/Frameworks",
					"@executable_path/../../Frameworks",
				);
				MARKETING_VERSION = 1.5;
				PRODUCT_BUNDLE_IDENTIFIER = "com.imjustivaan.RoCheap.Extension";
				PRODUCT_NAME = "$(TARGET_NAME)";
				SKIP_INSTALL = YES;
				SWIFT_EMIT_LOC_STRINGS = YES;
				SWIFT_VERSION = 5.0;
				TARGETED_DEVICE_FAMILY = "1,2";
			};
			name = Release;
		};
/* End XCBuildConfiguration section */

/* Begin XCConfigurationList section */
		87D62B0138734E4DB9F31426 /* Build configuration list for PBXProject "RoCheap" */ = {
			isa = XCConfigurationList;
			buildConfigurations = (
				4890061BC04F4C4EAD9DED10 /* Debug */,
				1D79FDDB1F224FF8AC67527D /* Release */,
			);
			defaultConfigurationIsVisible = 0;
			defaultConfigurationName = Release;
		};
		E99E418E2C004B529F8C9E07 /* Build configuration list for PBXNativeTarget "RoCheap" */ = {
			isa = XCConfigurationList;
			buildConfigurations = (
				CF77F0DE6B7C4AE1851FDA3A /* Debug */,
				F8514F079C8643D780A885DE /* Release */,
			);
			defaultConfigurationIsVisible = 0;
			defaultConfigurationName = Release;
		};
		1EE4454431324FF8AD8879E6 /* Build configuration list for PBXNativeTarget "RoCheapExtension" */ = {
			isa = XCConfigurationList;
			buildConfigurations = (
				3EB6D1D15B984D5294C21E81 /* Debug */,
				0C52C2A1CD13462F8BA7E8CB /* Release */,
			);
			defaultConfigurationIsVisible = 0;
			defaultConfigurationName = Release;
		};
/* End XCConfigurationList section */
	};
	rootObject = 9F5C204F45A84365A9EF8F60 /* Project object */;
}
